
Microsoft Visual Studio Solution File, Format Version 12.00
# Visual Studio Version 17
VisualStudioVersion = 17.4.33213.308
MinimumVisualStudioVersion = 10.0.40219.1
Project("{FAE04EC0-301F-11D3-BF4B-00C04F79EFBC}") = "Folio", "Folio\Folio.csproj", "{56CD0A09-2E2C-474C-A8A3-B9781E83871F}"
EndProject
Global
	GlobalSection(SolutionConfigurationPlatforms) = preSolution
		Debug|Any CPU = Debug|Any CPU
		Release|Any CPU = Release|Any CPU
	EndGlobalSection
	GlobalSection(ProjectConfigurationPlatforms) = postSolution
		{56CD0A09-2E2C-474C-A8A3-B9781E83871F}.Debug|Any CPU.ActiveCfg = Debug|Any CPU
		{56CD0A09-2E2C-474C-A8A3-B9781E83871F}.Debug|Any CPU.Build.0 = Debug|Any CPU
		{56CD0A09-2E2C-474C-A8A3-B9781E83871F}.Release|Any CPU.ActiveCfg = Release|Any CPU
		{56CD0A09-2E2C-474C-A8A3-B9781E83871F}.Release|Any CPU.Build.0 = Release|Any CPU
	EndGlobalSection
	GlobalSection(SolutionProperties) = preSolution
		HideSolutionNode = FALSE
	EndGlobalSection
	GlobalSection(ExtensibilityGlobals) = postSolution
		SolutionGuid = {804AE03D-F932-48FC-B16E-9CF7F0E5A83E}
	EndGlobalSection
EndGlobal
